
Microsoft Visual Studio Solution File, Format Version 12.00
# Visual Studio Version 16
VisualStudioVersion = 16.0.31613.86
MinimumVisualStudioVersion = 10.0.40219.1
Project("{FAE04EC0-301F-11D3-BF4B-00C04F79EFBC}") = "Lab02-01", "Lab02-01\Lab02-01.csproj", "{425C29EA-3035-4634-879E-B9CBE780F4CA}"
EndProject
Global
	GlobalSection(SolutionConfigurationPlatforms) = preSolution
		Debug|Any CPU = Debug|Any CPU
		Release|Any CPU = Release|Any CPU
	EndGlobalSection
	GlobalSection(ProjectConfigurationPlatforms) = postSolution
		{425C29EA-3035-4634-879E-B9CBE780F4CA}.Debug|Any CPU.ActiveCfg = Debug|Any CPU
		{425C29EA-3035-4634-879E-B9CBE780F4CA}.Debug|Any CPU.Build.0 = Debug|Any CPU
		{425C29EA-3035-4634-879E-B9CBE780F4CA}.Release|Any CPU.ActiveCfg = Release|Any CPU
		{425C29EA-3035-4634-879E-B9CBE780F4CA}.Release|Any CPU.Build.0 = Release|Any CPU
	EndGlobalSection
	GlobalSection(SolutionProperties) = preSolution
		HideSolutionNode = FALSE
	EndGlobalSection
	GlobalSection(ExtensibilityGlobals) = postSolution
		SolutionGuid = {7035A8D1-75EE-4CD7-8424-9CBF7C3BB106}
	EndGlobalSection
EndGlobal
